
Microsoft Visual Studio Solution File, Format Version 12.00
# Visual Studio 15
VisualStudioVersion = 15.0.28307.136
MinimumVisualStudioVersion = 10.0.40219.1
Project("{8BC9CEB8-8B4A-11D0-8D11-00A0C91BC942}") = "PS3EyeDriverMSVC", "PS3EyeDriverMSVC\PS3EyeDriverMSVC.vcxproj", "{81A685B5-2A00-4C6C-98A3-7CFBEFB1D36C}"
EndProject
Project("{8BC9CEB8-8B4A-11D0-8D11-00A0C91BC942}") = "SDLExample", "SDLExample\SDLExample.vcxproj", "{EE4A3009-92B3-45C4-899E-CC6736043573}"
EndProject
Project("{8BC9CEB8-8B4A-11D0-8D11-00A0C91BC942}") = "PS3EyeSourceFilter", "DirectShowFilter\DirectShowFilter.vcxproj", "{DCE63675-5864-4D4F-A17B-06012ECD19BC}"
EndProject
Global
	GlobalSection(SolutionConfigurationPlatforms) = preSolution
		Debug|x64 = Debug|x64
		Debug|x86 = Debug|x86
		Release|x64 = Release|x64
		Release|x86 = Release|x86
	EndGlobalSection
	GlobalSection(ProjectConfigurationPlatforms) = postSolution
		{81A685B5-2A00-4C6C-98A3-7CFBEFB1D36C}.Debug|x64.ActiveCfg = Debug|x64
		{81A685B5-2A00-4C6C-98A3-7CFBEFB1D36C}.Debug|x64.Build.0 = Debug|x64
		{81A685B5-2A00-4C6C-98A3-7CFBEFB1D36C}.Debug|x86.ActiveCfg = Debug|Win32
		{81A685B5-2A00-4C6C-98A3-7CFBEFB1D36C}.Debug|x86.Build.0 = Debug|Win32
		{81A685B5-2A00-4C6C-98A3-7CFBEFB1D36C}.Release|x64.ActiveCfg = Release|x64
		{81A685B5-2A00-4C6C-98A3-7CFBEFB1D36C}.Release|x64.Build.0 = Release|x64
		{81A685B5-2A00-4C6C-98A3-7CFBEFB1D36C}.Release|x86.ActiveCfg = Release|Win32
		{81A685B5-2A00-4C6C-98A3-7CFBEFB1D36C}.Release|x86.Build.0 = Release|Win32
		{EE4A3009-92B3-45C4-899E-CC6736043573}.Debug|x64.ActiveCfg = Debug|x64
		{EE4A3009-92B3-45C4-899E-CC6736043573}.Debug|x64.Build.0 = Debug|x64
		{EE4A3009-92B3-45C4-899E-CC6736043573}.Debug|x86.ActiveCfg = Debug|Win32
		{EE4A3009-92B3-45C4-899E-CC6736043573}.Debug|x86.Build.0 = Debug|Win32
		{EE4A3009-92B3-45C4-899E-CC6736043573}.Release|x64.ActiveCfg = Release|x64
		{EE4A3009-92B3-45C4-899E-CC6736043573}.Release|x64.Build.0 = Release|x64
		{EE4A3009-92B3-45C4-899E-CC6736043573}.Release|x86.ActiveCfg = Release|Win32
		{EE4A3009-92B3-45C4-899E-CC6736043573}.Release|x86.Build.0 = Release|Win32
		{DCE63675-5864-4D4F-A17B-06012ECD19BC}.Debug|x64.ActiveCfg = Debug|x64
		{DCE63675-5864-4D4F-A17B-06012ECD19BC}.Debug|x64.Build.0 = Debug|x64
		{DCE63675-5864-4D4F-A17B-06012ECD19BC}.Debug|x86.ActiveCfg = Debug|Win32
		{DCE63675-5864-4D4F-A17B-06012ECD19BC}.Debug|x86.Build.0 = Debug|Win32
		{DCE63675-5864-4D4F-A17B-06012ECD19BC}.Release|x64.ActiveCfg = Release|x64
		{DCE63675-5864-4D4F-A17B-06012ECD19BC}.Release|x64.Build.0 = Release|x64
		{DCE63675-5864-4D4F-A17B-06012ECD19BC}.Release|x86.ActiveCfg = Release|Win32
		{DCE63675-5864-4D4F-A17B-06012ECD19BC}.Release|x86.Build.0 = Release|Win32
	EndGlobalSection
	GlobalSection(SolutionProperties) = preSolution
		HideSolutionNode = FALSE
	EndGlobalSection
	GlobalSection(ExtensibilityGlobals) = postSolution
		SolutionGuid = {2A847633-EC95-46F0-9681-B6E50B5F0F8A}
	EndGlobalSection
EndGlobal
