
Microsoft Visual Studio Solution File, Format Version 12.00
# Visual Studio 15
VisualStudioVersion = 15.0.28307.136
MinimumVisualStudioVersion = 10.0.40219.1
Project("{8BC9CEB8-8B4A-11D0-8D11-00A0C91BC942}") = "PS3EyeDriverMSVC", "PS3EyeDriverMSVC\PS3EyeDriverMSVC.vcxproj", "{81A685B5-2A00-4C6C-98A3-7CFBEFB1D36C}"
EndProject
Project("{8BC9CEB8-8B4A-11D0-8D11-00A0C91BC942}") = "PS3EyeSourceFilter", "DirectShowFilter\DirectShowFilter.vcxproj", "{DCE63675-5864-4D4F-A17B-06012ECD19BC}"
	ProjectSection(ProjectDependencies) = postProject
		{81A685B5-2A00-4C6C-98A3-7CFBEFB1D36C} = {81A685B5-2A00-4C6C-98A3-7CFBEFB1D36C}
		{E8A3F6FA-AE1C-4C8E-A0B6-9C8480324EAA} = {E8A3F6FA-AE1C-4C8E-A0B6-9C8480324EAA}
	EndProjectSection
EndProject
Project("{930C7802-8A8C-48F9-8165-68863BCCD9DD}") = "PS3EyeInstaller", "PS3EyeInstaller\PS3EyeInstaller.wixproj", "{637B28FC-954A-44AB-9484-039D0891E860}"
EndProject
Project("{8BC9CEB8-8B4A-11D0-8D11-00A0C91BC942}") = "BaseClasses", "DirectShowFilter\baseclasses\BaseClasses.vcxproj", "{E8A3F6FA-AE1C-4C8E-A0B6-9C8480324EAA}"
EndProject
Global
	GlobalSection(SolutionConfigurationPlatforms) = preSolution
		Debug_MBCS|x64 = Debug_MBCS|x64
		Debug_MBCS|x86 = Debug_MBCS|x86
		Debug|x64 = Debug|x64
		Debug|x86 = Debug|x86
		Release_MBCS|x64 = Release_MBCS|x64
		Release_MBCS|x86 = Release_MBCS|x86
		Release|x64 = Release|x64
		Release|x86 = Release|x86
	EndGlobalSection
	GlobalSection(ProjectConfigurationPlatforms) = postSolution
		{81A685B5-2A00-4C6C-98A3-7CFBEFB1D36C}.Debug_MBCS|x64.ActiveCfg = Debug|x64
		{81A685B5-2A00-4C6C-98A3-7CFBEFB1D36C}.Debug_MBCS|x64.Build.0 = Debug|x64
		{81A685B5-2A00-4C6C-98A3-7CFBEFB1D36C}.Debug_MBCS|x86.ActiveCfg = Debug|Win32
		{81A685B5-2A00-4C6C-98A3-7CFBEFB1D36C}.Debug_MBCS|x86.Build.0 = Debug|Win32
		{81A685B5-2A00-4C6C-98A3-7CFBEFB1D36C}.Debug|x64.ActiveCfg = Debug|x64
		{81A685B5-2A00-4C6C-98A3-7CFBEFB1D36C}.Debug|x64.Build.0 = Debug|x64
		{81A685B5-2A00-4C6C-98A3-7CFBEFB1D36C}.Debug|x86.ActiveCfg = Debug|Win32
		{81A685B5-2A00-4C6C-98A3-7CFBEFB1D36C}.Debug|x86.Build.0 = Debug|Win32
		{81A685B5-2A00-4C6C-98A3-7CFBEFB1D36C}.Release_MBCS|x64.ActiveCfg = Release|x64
		{81A685B5-2A00-4C6C-98A3-7CFBEFB1D36C}.Release_MBCS|x64.Build.0 = Release|x64
		{81A685B5-2A00-4C6C-98A3-7CFBEFB1D36C}.Release_MBCS|x86.ActiveCfg = Release|Win32
		{81A685B5-2A00-4C6C-98A3-7CFBEFB1D36C}.Release_MBCS|x86.Build.0 = Release|Win32
		{81A685B5-2A00-4C6C-98A3-7CFBEFB1D36C}.Release|x64.ActiveCfg = Release|x64
		{81A685B5-2A00-4C6C-98A3-7CFBEFB1D36C}.Release|x64.Build.0 = Release|x64
		{81A685B5-2A00-4C6C-98A3-7CFBEFB1D36C}.Release|x86.ActiveCfg = Release|Win32
		{81A685B5-2A00-4C6C-98A3-7CFBEFB1D36C}.Release|x86.Build.0 = Release|Win32
		{DCE63675-5864-4D4F-A17B-06012ECD19BC}.Debug_MBCS|x64.ActiveCfg = Debug|x64
		{DCE63675-5864-4D4F-A17B-06012ECD19BC}.Debug_MBCS|x64.Build.0 = Debug|x64
		{DCE63675-5864-4D4F-A17B-06012ECD19BC}.Debug_MBCS|x86.ActiveCfg = Debug|Win32
		{DCE63675-5864-4D4F-A17B-06012ECD19BC}.Debug_MBCS|x86.Build.0 = Debug|Win32
		{DCE63675-5864-4D4F-A17B-06012ECD19BC}.Debug|x64.ActiveCfg = Debug|x64
		{DCE63675-5864-4D4F-A17B-06012ECD19BC}.Debug|x64.Build.0 = Debug|x64
		{DCE63675-5864-4D4F-A17B-06012ECD19BC}.Debug|x86.ActiveCfg = Debug|Win32
		{DCE63675-5864-4D4F-A17B-06012ECD19BC}.Debug|x86.Build.0 = Debug|Win32
		{DCE63675-5864-4D4F-A17B-06012ECD19BC}.Release_MBCS|x64.ActiveCfg = Release|x64
		{DCE63675-5864-4D4F-A17B-06012ECD19BC}.Release_MBCS|x64.Build.0 = Release|x64
		{DCE63675-5864-4D4F-A17B-06012ECD19BC}.Release_MBCS|x86.ActiveCfg = Release|Win32
		{DCE63675-5864-4D4F-A17B-06012ECD19BC}.Release_MBCS|x86.Build.0 = Release|Win32
		{DCE63675-5864-4D4F-A17B-06012ECD19BC}.Release|x64.ActiveCfg = Release|x64
		{DCE63675-5864-4D4F-A17B-06012ECD19BC}.Release|x64.Build.0 = Release|x64
		{DCE63675-5864-4D4F-A17B-06012ECD19BC}.Release|x86.ActiveCfg = Release|Win32
		{DCE63675-5864-4D4F-A17B-06012ECD19BC}.Release|x86.Build.0 = Release|Win32
		{637B28FC-954A-44AB-9484-039D0891E860}.Debug_MBCS|x64.ActiveCfg = Release|x86
		{637B28FC-954A-44AB-9484-039D0891E860}.Debug_MBCS|x64.Build.0 = Release|x86
		{637B28FC-954A-44AB-9484-039D0891E860}.Debug_MBCS|x86.ActiveCfg = Release|x86
		{637B28FC-954A-44AB-9484-039D0891E860}.Debug_MBCS|x86.Build.0 = Release|x86
		{637B28FC-954A-44AB-9484-039D0891E860}.Debug|x64.ActiveCfg = Release|x86
		{637B28FC-954A-44AB-9484-039D0891E860}.Debug|x86.ActiveCfg = Release|x86
		{637B28FC-954A-44AB-9484-039D0891E860}.Release_MBCS|x64.ActiveCfg = Release|x86
		{637B28FC-954A-44AB-9484-039D0891E860}.Release_MBCS|x64.Build.0 = Release|x86
		{637B28FC-954A-44AB-9484-039D0891E860}.Release_MBCS|x86.ActiveCfg = Release|x86
		{637B28FC-954A-44AB-9484-039D0891E860}.Release_MBCS|x86.Build.0 = Release|x86
		{637B28FC-954A-44AB-9484-039D0891E860}.Release|x64.ActiveCfg = Release|x86
		{637B28FC-954A-44AB-9484-039D0891E860}.Release|x86.ActiveCfg = Release|x86
		{E8A3F6FA-AE1C-4C8E-A0B6-9C8480324EAA}.Debug_MBCS|x64.ActiveCfg = Debug_MBCS|x64
		{E8A3F6FA-AE1C-4C8E-A0B6-9C8480324EAA}.Debug_MBCS|x64.Build.0 = Debug_MBCS|x64
		{E8A3F6FA-AE1C-4C8E-A0B6-9C8480324EAA}.Debug_MBCS|x86.ActiveCfg = Debug_MBCS|Win32
		{E8A3F6FA-AE1C-4C8E-A0B6-9C8480324EAA}.Debug_MBCS|x86.Build.0 = Debug_MBCS|Win32
		{E8A3F6FA-AE1C-4C8E-A0B6-9C8480324EAA}.Debug|x64.ActiveCfg = Debug|x64
		{E8A3F6FA-AE1C-4C8E-A0B6-9C8480324EAA}.Debug|x64.Build.0 = Debug|x64
		{E8A3F6FA-AE1C-4C8E-A0B6-9C8480324EAA}.Debug|x86.ActiveCfg = Debug|Win32
		{E8A3F6FA-AE1C-4C8E-A0B6-9C8480324EAA}.Debug|x86.Build.0 = Debug|Win32
		{E8A3F6FA-AE1C-4C8E-A0B6-9C8480324EAA}.Release_MBCS|x64.ActiveCfg = Release_MBCS|x64
		{E8A3F6FA-AE1C-4C8E-A0B6-9C8480324EAA}.Release_MBCS|x64.Build.0 = Release_MBCS|x64
		{E8A3F6FA-AE1C-4C8E-A0B6-9C8480324EAA}.Release_MBCS|x86.ActiveCfg = Release_MBCS|Win32
		{E8A3F6FA-AE1C-4C8E-A0B6-9C8480324EAA}.Release_MBCS|x86.Build.0 = Release_MBCS|Win32
		{E8A3F6FA-AE1C-4C8E-A0B6-9C8480324EAA}.Release|x64.ActiveCfg = Release|x64
		{E8A3F6FA-AE1C-4C8E-A0B6-9C8480324EAA}.Release|x64.Build.0 = Release|x64
		{E8A3F6FA-AE1C-4C8E-A0B6-9C8480324EAA}.Release|x86.ActiveCfg = Release|Win32
		{E8A3F6FA-AE1C-4C8E-A0B6-9C8480324EAA}.Release|x86.Build.0 = Release|Win32
	EndGlobalSection
	GlobalSection(SolutionProperties) = preSolution
		HideSolutionNode = FALSE
	EndGlobalSection
	GlobalSection(ExtensibilityGlobals) = postSolution
		SolutionGuid = {2A847633-EC95-46F0-9681-B6E50B5F0F8A}
	EndGlobalSection
EndGlobal
